
Microsoft Visual Studio Solution File, Format Version 12.00
# Visual Studio Version 16
VisualStudioVersion = 16.0.29409.12
MinimumVisualStudioVersion = 10.0.40219.1
Project("{9A19103F-16F7-4668-BE54-9A1E7A4F7556}") = "ChartATaskConsole", "ChartATaskConsole\ChartATaskConsole.csproj", "{272E1012-ABC0-457D-97D3-A4C9867E6EDA}"
EndProject
Project("{FAE04EC0-301F-11D3-BF4B-00C04F79EFBC}") = "Core", "Core\Core.csproj", "{4E2E8C03-2B0F-48E9-92F8-1A05DFBF47A3}"
EndProject
Project("{FAE04EC0-301F-11D3-BF4B-00C04F79EFBC}") = "WindowsInteractor", "WindowsInteractor\WindowsInteractor.csproj", "{09B540B0-7A56-4AAB-9563-676319C226AD}"
EndProject
Project("{2150E333-8FDC-42A3-9474-1A3956D46DE8}") = "Presentation", "Presentation", "{D6A548D2-7E8E-49A5-A90D-C85EEA7A507C}"
EndProject
Project("{2150E333-8FDC-42A3-9474-1A3956D46DE8}") = "Interactor", "Interactor", "{9482FF2D-B934-4AFB-9E42-B6C54CAA3F4D}"
EndProject
Global
	GlobalSection(SolutionConfigurationPlatforms) = preSolution
		Debug|Any CPU = Debug|Any CPU
		Release|Any CPU = Release|Any CPU
	EndGlobalSection
	GlobalSection(ProjectConfigurationPlatforms) = postSolution
		{272E1012-ABC0-457D-97D3-A4C9867E6EDA}.Debug|Any CPU.ActiveCfg = Debug|Any CPU
		{272E1012-ABC0-457D-97D3-A4C9867E6EDA}.Debug|Any CPU.Build.0 = Debug|Any CPU
		{272E1012-ABC0-457D-97D3-A4C9867E6EDA}.Release|Any CPU.ActiveCfg = Release|Any CPU
		{272E1012-ABC0-457D-97D3-A4C9867E6EDA}.Release|Any CPU.Build.0 = Release|Any CPU
		{4E2E8C03-2B0F-48E9-92F8-1A05DFBF47A3}.Debug|Any CPU.ActiveCfg = Debug|Any CPU
		{4E2E8C03-2B0F-48E9-92F8-1A05DFBF47A3}.Debug|Any CPU.Build.0 = Debug|Any CPU
		{4E2E8C03-2B0F-48E9-92F8-1A05DFBF47A3}.Release|Any CPU.ActiveCfg = Release|Any CPU
		{4E2E8C03-2B0F-48E9-92F8-1A05DFBF47A3}.Release|Any CPU.Build.0 = Release|Any CPU
		{09B540B0-7A56-4AAB-9563-676319C226AD}.Debug|Any CPU.ActiveCfg = Debug|Any CPU
		{09B540B0-7A56-4AAB-9563-676319C226AD}.Debug|Any CPU.Build.0 = Debug|Any CPU
		{09B540B0-7A56-4AAB-9563-676319C226AD}.Release|Any CPU.ActiveCfg = Release|Any CPU
		{09B540B0-7A56-4AAB-9563-676319C226AD}.Release|Any CPU.Build.0 = Release|Any CPU
	EndGlobalSection
	GlobalSection(SolutionProperties) = preSolution
		HideSolutionNode = FALSE
	EndGlobalSection
	GlobalSection(NestedProjects) = preSolution
		{272E1012-ABC0-457D-97D3-A4C9867E6EDA} = {D6A548D2-7E8E-49A5-A90D-C85EEA7A507C}
		{09B540B0-7A56-4AAB-9563-676319C226AD} = {9482FF2D-B934-4AFB-9E42-B6C54CAA3F4D}
	EndGlobalSection
	GlobalSection(ExtensibilityGlobals) = postSolution
		SolutionGuid = {7DEF6C01-9675-4D3E-AD99-99B4ABE26C45}
	EndGlobalSection
EndGlobal
