
Microsoft Visual Studio Solution File, Format Version 12.00
# Visual Studio Version 16
VisualStudioVersion = 16.0.29409.12
MinimumVisualStudioVersion = 10.0.40219.1
Project("{9A19103F-16F7-4668-BE54-9A1E7A4F7556}") = "Core", "Core\Core.csproj", "{4E2E8C03-2B0F-48E9-92F8-1A05DFBF47A3}"
EndProject
Project("{FAE04EC0-301F-11D3-BF4B-00C04F79EFBC}") = "WindowsInteractor", "Windows\WindowsInteractor\WindowsInteractor.csproj", "{09B540B0-7A56-4AAB-9563-676319C226AD}"
EndProject
Project("{2150E333-8FDC-42A3-9474-1A3956D46DE8}") = "Windows", "Windows", "{D6A548D2-7E8E-49A5-A90D-C85EEA7A507C}"
EndProject
Project("{9A19103F-16F7-4668-BE54-9A1E7A4F7556}") = "CoreTests", "CoreTests\CoreTests.csproj", "{0C5C77E3-B916-4A67-951C-ABB905E26943}"
EndProject
Project("{FAE04EC0-301F-11D3-BF4B-00C04F79EFBC}") = "WindowsWPF", "Windows\WindowsWPF\WindowsWPF.csproj", "{062B2B9A-68F6-4268-9797-7BB3422AAF7D}"
EndProject
Project("{FAE04EC0-301F-11D3-BF4B-00C04F79EFBC}") = "WindowsConsole", "Windows\WindowsConsole\WindowsConsole.csproj", "{6FA7EAF9-5C17-4EF8-ABD6-7A42295AFAA7}"
EndProject
Global
	GlobalSection(SolutionConfigurationPlatforms) = preSolution
		Debug|Any CPU = Debug|Any CPU
		Release|Any CPU = Release|Any CPU
	EndGlobalSection
	GlobalSection(ProjectConfigurationPlatforms) = postSolution
		{4E2E8C03-2B0F-48E9-92F8-1A05DFBF47A3}.Debug|Any CPU.ActiveCfg = Debug|Any CPU
		{4E2E8C03-2B0F-48E9-92F8-1A05DFBF47A3}.Debug|Any CPU.Build.0 = Debug|Any CPU
		{4E2E8C03-2B0F-48E9-92F8-1A05DFBF47A3}.Release|Any CPU.ActiveCfg = Release|Any CPU
		{4E2E8C03-2B0F-48E9-92F8-1A05DFBF47A3}.Release|Any CPU.Build.0 = Release|Any CPU
		{09B540B0-7A56-4AAB-9563-676319C226AD}.Debug|Any CPU.ActiveCfg = Debug|Any CPU
		{09B540B0-7A56-4AAB-9563-676319C226AD}.Debug|Any CPU.Build.0 = Debug|Any CPU
		{09B540B0-7A56-4AAB-9563-676319C226AD}.Release|Any CPU.ActiveCfg = Release|Any CPU
		{09B540B0-7A56-4AAB-9563-676319C226AD}.Release|Any CPU.Build.0 = Release|Any CPU
		{0C5C77E3-B916-4A67-951C-ABB905E26943}.Debug|Any CPU.ActiveCfg = Debug|Any CPU
		{0C5C77E3-B916-4A67-951C-ABB905E26943}.Debug|Any CPU.Build.0 = Debug|Any CPU
		{0C5C77E3-B916-4A67-951C-ABB905E26943}.Release|Any CPU.ActiveCfg = Release|Any CPU
		{0C5C77E3-B916-4A67-951C-ABB905E26943}.Release|Any CPU.Build.0 = Release|Any CPU
		{062B2B9A-68F6-4268-9797-7BB3422AAF7D}.Debug|Any CPU.ActiveCfg = Debug|Any CPU
		{062B2B9A-68F6-4268-9797-7BB3422AAF7D}.Debug|Any CPU.Build.0 = Debug|Any CPU
		{062B2B9A-68F6-4268-9797-7BB3422AAF7D}.Release|Any CPU.ActiveCfg = Release|Any CPU
		{062B2B9A-68F6-4268-9797-7BB3422AAF7D}.Release|Any CPU.Build.0 = Release|Any CPU
		{6FA7EAF9-5C17-4EF8-ABD6-7A42295AFAA7}.Debug|Any CPU.ActiveCfg = Debug|Any CPU
		{6FA7EAF9-5C17-4EF8-ABD6-7A42295AFAA7}.Debug|Any CPU.Build.0 = Debug|Any CPU
		{6FA7EAF9-5C17-4EF8-ABD6-7A42295AFAA7}.Release|Any CPU.ActiveCfg = Release|Any CPU
		{6FA7EAF9-5C17-4EF8-ABD6-7A42295AFAA7}.Release|Any CPU.Build.0 = Release|Any CPU
	EndGlobalSection
	GlobalSection(SolutionProperties) = preSolution
		HideSolutionNode = FALSE
	EndGlobalSection
	GlobalSection(NestedProjects) = preSolution
		{09B540B0-7A56-4AAB-9563-676319C226AD} = {D6A548D2-7E8E-49A5-A90D-C85EEA7A507C}
		{062B2B9A-68F6-4268-9797-7BB3422AAF7D} = {D6A548D2-7E8E-49A5-A90D-C85EEA7A507C}
		{6FA7EAF9-5C17-4EF8-ABD6-7A42295AFAA7} = {D6A548D2-7E8E-49A5-A90D-C85EEA7A507C}
	EndGlobalSection
	GlobalSection(ExtensibilityGlobals) = postSolution
		SolutionGuid = {7DEF6C01-9675-4D3E-AD99-99B4ABE26C45}
	EndGlobalSection
EndGlobal
